
Microsoft Visual Studio Solution File, Format Version 12.00
# Visual Studio 15
VisualStudioVersion = 15.0.28307.136
MinimumVisualStudioVersion = 10.0.40219.1
Project("{8BC9CEB8-8B4A-11D0-8D11-00A0C91BC942}") = "MDXProtocolEditor", "MDXProtocolEditor\MDXProtocolEditor.vcxproj", "{84441276-8BA6-4DBB-8C58-58F37AE7DD94}"
EndProject
Project("{8BC9CEB8-8B4A-11D0-8D11-00A0C91BC942}") = "AmpDetectUserControl", "UserControls\UserControls.vcxproj", "{6D81BEA1-0AAA-48EC-BB03-5EDA25F45A24}"
EndProject
Project("{8BC9CEB8-8B4A-11D0-8D11-00A0C91BC942}") = "MixingStationUserControl", "MixingStationUserControl\MixingStationUserControl.vcxproj", "{915D3DA3-0BFD-47C5-9473-51537236D7B2}"
EndProject
Project("{8BC9CEB8-8B4A-11D0-8D11-00A0C91BC942}") = "SamplePrepUserControl", "SamplePrepUserControl\SamplePrepUserControl.vcxproj", "{4539D89D-22C3-43D8-A860-53E33BE21643}"
EndProject
Global
	GlobalSection(SolutionConfigurationPlatforms) = preSolution
		Debug|ARM = Debug|ARM
		Debug|ARM64 = Debug|ARM64
		Debug|Win32 = Debug|Win32
		Debug|x64 = Debug|x64
		Debug|x86 = Debug|x86
		Release|ARM = Release|ARM
		Release|ARM64 = Release|ARM64
		Release|Win32 = Release|Win32
		Release|x64 = Release|x64
		Release|x86 = Release|x86
	EndGlobalSection
	GlobalSection(ProjectConfigurationPlatforms) = postSolution
		{84441276-8BA6-4DBB-8C58-58F37AE7DD94}.Debug|ARM.ActiveCfg = Debug|Win32
		{84441276-8BA6-4DBB-8C58-58F37AE7DD94}.Debug|ARM64.ActiveCfg = Debug|Win32
		{84441276-8BA6-4DBB-8C58-58F37AE7DD94}.Debug|Win32.ActiveCfg = Debug|x64
		{84441276-8BA6-4DBB-8C58-58F37AE7DD94}.Debug|Win32.Build.0 = Debug|x64
		{84441276-8BA6-4DBB-8C58-58F37AE7DD94}.Debug|x64.ActiveCfg = Debug|x64
		{84441276-8BA6-4DBB-8C58-58F37AE7DD94}.Debug|x64.Build.0 = Debug|x64
		{84441276-8BA6-4DBB-8C58-58F37AE7DD94}.Debug|x86.ActiveCfg = Debug|Win32
		{84441276-8BA6-4DBB-8C58-58F37AE7DD94}.Debug|x86.Build.0 = Debug|Win32
		{84441276-8BA6-4DBB-8C58-58F37AE7DD94}.Release|ARM.ActiveCfg = Release|Win32
		{84441276-8BA6-4DBB-8C58-58F37AE7DD94}.Release|ARM64.ActiveCfg = Release|Win32
		{84441276-8BA6-4DBB-8C58-58F37AE7DD94}.Release|Win32.ActiveCfg = Release|Win32
		{84441276-8BA6-4DBB-8C58-58F37AE7DD94}.Release|Win32.Build.0 = Release|Win32
		{84441276-8BA6-4DBB-8C58-58F37AE7DD94}.Release|x64.ActiveCfg = Release|x64
		{84441276-8BA6-4DBB-8C58-58F37AE7DD94}.Release|x64.Build.0 = Release|x64
		{84441276-8BA6-4DBB-8C58-58F37AE7DD94}.Release|x86.ActiveCfg = Release|Win32
		{84441276-8BA6-4DBB-8C58-58F37AE7DD94}.Release|x86.Build.0 = Release|Win32
		{6D81BEA1-0AAA-48EC-BB03-5EDA25F45A24}.Debug|ARM.ActiveCfg = Debug|Win32
		{6D81BEA1-0AAA-48EC-BB03-5EDA25F45A24}.Debug|ARM64.ActiveCfg = Debug|Win32
		{6D81BEA1-0AAA-48EC-BB03-5EDA25F45A24}.Debug|Win32.ActiveCfg = Debug|Win32
		{6D81BEA1-0AAA-48EC-BB03-5EDA25F45A24}.Debug|Win32.Build.0 = Debug|Win32
		{6D81BEA1-0AAA-48EC-BB03-5EDA25F45A24}.Debug|x64.ActiveCfg = Debug|x64
		{6D81BEA1-0AAA-48EC-BB03-5EDA25F45A24}.Debug|x64.Build.0 = Debug|x64
		{6D81BEA1-0AAA-48EC-BB03-5EDA25F45A24}.Debug|x86.ActiveCfg = Debug|Win32
		{6D81BEA1-0AAA-48EC-BB03-5EDA25F45A24}.Debug|x86.Build.0 = Debug|Win32
		{6D81BEA1-0AAA-48EC-BB03-5EDA25F45A24}.Release|ARM.ActiveCfg = Release|Win32
		{6D81BEA1-0AAA-48EC-BB03-5EDA25F45A24}.Release|ARM64.ActiveCfg = Release|Win32
		{6D81BEA1-0AAA-48EC-BB03-5EDA25F45A24}.Release|Win32.ActiveCfg = Release|Win32
		{6D81BEA1-0AAA-48EC-BB03-5EDA25F45A24}.Release|Win32.Build.0 = Release|Win32
		{6D81BEA1-0AAA-48EC-BB03-5EDA25F45A24}.Release|x64.ActiveCfg = Release|x64
		{6D81BEA1-0AAA-48EC-BB03-5EDA25F45A24}.Release|x64.Build.0 = Release|x64
		{6D81BEA1-0AAA-48EC-BB03-5EDA25F45A24}.Release|x86.ActiveCfg = Release|Win32
		{6D81BEA1-0AAA-48EC-BB03-5EDA25F45A24}.Release|x86.Build.0 = Release|Win32
		{915D3DA3-0BFD-47C5-9473-51537236D7B2}.Debug|ARM.ActiveCfg = Debug|Win32
		{915D3DA3-0BFD-47C5-9473-51537236D7B2}.Debug|ARM64.ActiveCfg = Debug|Win32
		{915D3DA3-0BFD-47C5-9473-51537236D7B2}.Debug|Win32.ActiveCfg = Debug|Win32
		{915D3DA3-0BFD-47C5-9473-51537236D7B2}.Debug|Win32.Build.0 = Debug|Win32
		{915D3DA3-0BFD-47C5-9473-51537236D7B2}.Debug|x64.ActiveCfg = Debug|x64
		{915D3DA3-0BFD-47C5-9473-51537236D7B2}.Debug|x64.Build.0 = Debug|x64
		{915D3DA3-0BFD-47C5-9473-51537236D7B2}.Debug|x86.ActiveCfg = Debug|Win32
		{915D3DA3-0BFD-47C5-9473-51537236D7B2}.Debug|x86.Build.0 = Debug|Win32
		{915D3DA3-0BFD-47C5-9473-51537236D7B2}.Release|ARM.ActiveCfg = Release|Win32
		{915D3DA3-0BFD-47C5-9473-51537236D7B2}.Release|ARM64.ActiveCfg = Release|Win32
		{915D3DA3-0BFD-47C5-9473-51537236D7B2}.Release|Win32.ActiveCfg = Release|Win32
		{915D3DA3-0BFD-47C5-9473-51537236D7B2}.Release|Win32.Build.0 = Release|Win32
		{915D3DA3-0BFD-47C5-9473-51537236D7B2}.Release|x64.ActiveCfg = Release|x64
		{915D3DA3-0BFD-47C5-9473-51537236D7B2}.Release|x64.Build.0 = Release|x64
		{915D3DA3-0BFD-47C5-9473-51537236D7B2}.Release|x86.ActiveCfg = Release|Win32
		{915D3DA3-0BFD-47C5-9473-51537236D7B2}.Release|x86.Build.0 = Release|Win32
		{4539D89D-22C3-43D8-A860-53E33BE21643}.Debug|ARM.ActiveCfg = Debug|Win32
		{4539D89D-22C3-43D8-A860-53E33BE21643}.Debug|ARM64.ActiveCfg = Debug|Win32
		{4539D89D-22C3-43D8-A860-53E33BE21643}.Debug|Win32.ActiveCfg = Debug|Win32
		{4539D89D-22C3-43D8-A860-53E33BE21643}.Debug|Win32.Build.0 = Debug|Win32
		{4539D89D-22C3-43D8-A860-53E33BE21643}.Debug|x64.ActiveCfg = Debug|x64
		{4539D89D-22C3-43D8-A860-53E33BE21643}.Debug|x64.Build.0 = Debug|x64
		{4539D89D-22C3-43D8-A860-53E33BE21643}.Debug|x86.ActiveCfg = Debug|Win32
		{4539D89D-22C3-43D8-A860-53E33BE21643}.Debug|x86.Build.0 = Debug|Win32
		{4539D89D-22C3-43D8-A860-53E33BE21643}.Release|ARM.ActiveCfg = Release|Win32
		{4539D89D-22C3-43D8-A860-53E33BE21643}.Release|ARM64.ActiveCfg = Release|Win32
		{4539D89D-22C3-43D8-A860-53E33BE21643}.Release|Win32.ActiveCfg = Release|Win32
		{4539D89D-22C3-43D8-A860-53E33BE21643}.Release|Win32.Build.0 = Release|Win32
		{4539D89D-22C3-43D8-A860-53E33BE21643}.Release|x64.ActiveCfg = Release|x64
		{4539D89D-22C3-43D8-A860-53E33BE21643}.Release|x64.Build.0 = Release|x64
		{4539D89D-22C3-43D8-A860-53E33BE21643}.Release|x86.ActiveCfg = Release|Win32
		{4539D89D-22C3-43D8-A860-53E33BE21643}.Release|x86.Build.0 = Release|Win32
	EndGlobalSection
	GlobalSection(SolutionProperties) = preSolution
		HideSolutionNode = FALSE
	EndGlobalSection
	GlobalSection(ExtensibilityGlobals) = postSolution
		SolutionGuid = {F1FE1008-10C1-49AC-B075-7417572CAC84}
	EndGlobalSection
EndGlobal
